
Microsoft Visual Studio Solution File, Format Version 12.00
# Visual Studio 14
VisualStudioVersion = 14.0.25420.1
MinimumVisualStudioVersion = 10.0.40219.1
Project("{FAE04EC0-301F-11D3-BF4B-00C04F79EFBC}") = "MvcXx", "MvcXx\MvcXx.csproj", "{99BE5F77-F13A-4DC2-ACFF-9200BC52079C}"
EndProject
Global
	GlobalSection(SolutionConfigurationPlatforms) = preSolution
		Debug|Any CPU = Debug|Any CPU
		Release|Any CPU = Release|Any CPU
	EndGlobalSection
	GlobalSection(ProjectConfigurationPlatforms) = postSolution
		{99BE5F77-F13A-4DC2-ACFF-9200BC52079C}.Debug|Any CPU.ActiveCfg = Debug|Any CPU
		{99BE5F77-F13A-4DC2-ACFF-9200BC52079C}.Debug|Any CPU.Build.0 = Debug|Any CPU
		{99BE5F77-F13A-4DC2-ACFF-9200BC52079C}.Release|Any CPU.ActiveCfg = Release|Any CPU
		{99BE5F77-F13A-4DC2-ACFF-9200BC52079C}.Release|Any CPU.Build.0 = Release|Any CPU
	EndGlobalSection
	GlobalSection(SolutionProperties) = preSolution
		HideSolutionNode = FALSE
	EndGlobalSection
EndGlobal
